
Microsoft Visual Studio Solution File, Format Version 12.00
# Visual Studio Version 16
VisualStudioVersion = 16.0.30907.101
MinimumVisualStudioVersion = 10.0.40219.1
Project("{8BC9CEB8-8B4A-11D0-8D11-00A0C91BC942}") = "OOP_3-4_update_cPlus", "OOP_3-4_update_cPlus\OOP_3-4_update_cPlus.vcxproj", "{0F75E512-42B7-4F19-81C2-1259F8733B96}"
EndProject
Project("{FAE04EC0-301F-11D3-BF4B-00C04F79EFBC}") = "OOP_3-4_update_cSHARP", "OOP_3-4_update_cSHARP\OOP_3-4_update_cSHARP.csproj", "{077A2462-79F0-48F0-8F3D-5462C0F2C4A8}"
EndProject
Project("{8BC9CEB8-8B4A-11D0-8D11-00A0C91BC942}") = "OOP_5-6_cPlus", "OOP_5-6_cPlus\Project1.vcxproj", "{6669B341-AB85-4D72-B23E-D702F07578BA}"
EndProject
Project("{FAE04EC0-301F-11D3-BF4B-00C04F79EFBC}") = "OOP_5-6_cSharp", "OOP_5-6_cSharp\OOP_5-6_cSharp.csproj", "{EA6C4D19-3ECB-46E4-8F4A-5590A1A5D660}"
EndProject
Project("{9A19103F-16F7-4668-BE54-9A1E7A4F7556}") = "OOP_7-8_cSharp", "OOP_7-8_cSharp\OOP_7-8_cSharp.csproj", "{26F78149-9819-4B29-92AC-73630E19EA16}"
EndProject
Project("{8BC9CEB8-8B4A-11D0-8D11-00A0C91BC942}") = "OOP_2-1_cPlus_1", "OOP_2-1_cPlus_1\OOP_2-1_cPlus_1.vcxproj", "{6D5FB934-B8D7-4627-ABDD-CB91E321DA26}"
EndProject
Project("{2150E333-8FDC-42A3-9474-1A3956D46DE8}") = "OOP_2_1,2_2", "OOP_2_1,2_2", "{F0E9B4BC-3FF6-4D27-B718-327B46E3ADD9}"
EndProject
Project("{8BC9CEB8-8B4A-11D0-8D11-00A0C91BC942}") = "OOP_2-1_cPlus_2", "OOP_2-1_cPlus_2\OOP_2-1_cPlus_2.vcxproj", "{4E4C70E4-E02C-476C-898B-747498C50B87}"
EndProject
Project("{9A19103F-16F7-4668-BE54-9A1E7A4F7556}") = "OOP_2-1_cSharp_1", "OOP_2-1_cSharp_1\OOP_2-1_cSharp_1.csproj", "{6F92B5FA-0B0F-4DA1-B6DB-E77E3820A49C}"
EndProject
Project("{9A19103F-16F7-4668-BE54-9A1E7A4F7556}") = "OOP_2-1_cSharp2", "OOP_2-1_cSharp2\OOP_2-1_cSharp2.csproj", "{DEF91CAE-A6AC-4194-B4FD-AC4E35D7443F}"
EndProject
Project("{2150E333-8FDC-42A3-9474-1A3956D46DE8}") = "OOP_2_3,2_4", "OOP_2_3,2_4", "{D0D728E5-BD6E-4C08-81E1-F6B9C90B75F8}"
EndProject
Project("{FAE04EC0-301F-11D3-BF4B-00C04F79EFBC}") = "c_Sharp_PracticeUnit2_LB_2.2", "c_Sharp_PracticeUnit2_LB_2.2\c_Sharp_PracticeUnit2_LB_2.2.csproj", "{4FB27303-8701-4F4D-9C5E-96E05A678B4E}"
EndProject
Project("{FAE04EC0-301F-11D3-BF4B-00C04F79EFBC}") = "c_Sharp_oop-pr-2-3-4-2021-part2_LB_2.2", "c_Sharp_oop-pr-2-3-4-2021-part2_LB_2.2\c_Sharp_oop-pr-2-3-4-2021-part2_LB_2.2.csproj", "{E91297A6-66CE-453D-A974-3F926AE91F7F}"
EndProject
Project("{8BC9CEB8-8B4A-11D0-8D11-00A0C91BC942}") = "c_Plus_Practice_LB_2.2", "c_Plus_Practice_LB_2.2\c_Plus_Practice_LB_2.2.vcxproj", "{068492BD-B309-46F8-95AB-F9D43394AB00}"
EndProject
Project("{8BC9CEB8-8B4A-11D0-8D11-00A0C91BC942}") = "c_Plus_oop_pr-2-3-4-2021-part2_LB_2.2", "c_Plus_oop_pr-2-3-4-2021-part2_LB_2.2\c_Plus_oop_pr-2-3-4-2021-part2_LB_2.2.vcxproj", "{D3637373-C4F1-4E72-A70D-FE8934B43B32}"
EndProject
Project("{2150E333-8FDC-42A3-9474-1A3956D46DE8}") = "OOP_2_5-6-7", "OOP_2_5-6-7", "{D92B8BA5-DA64-4491-9544-808259682CC8}"
EndProject
Project("{FAE04EC0-301F-11D3-BF4B-00C04F79EFBC}") = "c_Sharp_Generics", "c_Sharp\c_Sharp_Generics.csproj", "{182C2D16-6A46-440A-B3E0-02BBE7F67CE6}"
EndProject
Project("{8BC9CEB8-8B4A-11D0-8D11-00A0C91BC942}") = "C_Plus_Generics", "C_Plus_Generics\C_Plus_Generics.vcxproj", "{B554B6C6-D516-45F4-B77C-363A13BEC75F}"
EndProject
Global
	GlobalSection(SolutionConfigurationPlatforms) = preSolution
		Debug|Any CPU = Debug|Any CPU
		Debug|x64 = Debug|x64
		Debug|x86 = Debug|x86
		Release|Any CPU = Release|Any CPU
		Release|x64 = Release|x64
		Release|x86 = Release|x86
	EndGlobalSection
	GlobalSection(ProjectConfigurationPlatforms) = postSolution
		{0F75E512-42B7-4F19-81C2-1259F8733B96}.Debug|Any CPU.ActiveCfg = Debug|Win32
		{0F75E512-42B7-4F19-81C2-1259F8733B96}.Debug|x64.ActiveCfg = Debug|x64
		{0F75E512-42B7-4F19-81C2-1259F8733B96}.Debug|x64.Build.0 = Debug|x64
		{0F75E512-42B7-4F19-81C2-1259F8733B96}.Debug|x86.ActiveCfg = Debug|Win32
		{0F75E512-42B7-4F19-81C2-1259F8733B96}.Debug|x86.Build.0 = Debug|Win32
		{0F75E512-42B7-4F19-81C2-1259F8733B96}.Release|Any CPU.ActiveCfg = Release|Win32
		{0F75E512-42B7-4F19-81C2-1259F8733B96}.Release|x64.ActiveCfg = Release|x64
		{0F75E512-42B7-4F19-81C2-1259F8733B96}.Release|x64.Build.0 = Release|x64
		{0F75E512-42B7-4F19-81C2-1259F8733B96}.Release|x86.ActiveCfg = Release|Win32
		{0F75E512-42B7-4F19-81C2-1259F8733B96}.Release|x86.Build.0 = Release|Win32
		{077A2462-79F0-48F0-8F3D-5462C0F2C4A8}.Debug|Any CPU.ActiveCfg = Debug|Any CPU
		{077A2462-79F0-48F0-8F3D-5462C0F2C4A8}.Debug|Any CPU.Build.0 = Debug|Any CPU
		{077A2462-79F0-48F0-8F3D-5462C0F2C4A8}.Debug|x64.ActiveCfg = Debug|Any CPU
		{077A2462-79F0-48F0-8F3D-5462C0F2C4A8}.Debug|x64.Build.0 = Debug|Any CPU
		{077A2462-79F0-48F0-8F3D-5462C0F2C4A8}.Debug|x86.ActiveCfg = Debug|Any CPU
		{077A2462-79F0-48F0-8F3D-5462C0F2C4A8}.Debug|x86.Build.0 = Debug|Any CPU
		{077A2462-79F0-48F0-8F3D-5462C0F2C4A8}.Release|Any CPU.ActiveCfg = Release|Any CPU
		{077A2462-79F0-48F0-8F3D-5462C0F2C4A8}.Release|Any CPU.Build.0 = Release|Any CPU
		{077A2462-79F0-48F0-8F3D-5462C0F2C4A8}.Release|x64.ActiveCfg = Release|Any CPU
		{077A2462-79F0-48F0-8F3D-5462C0F2C4A8}.Release|x64.Build.0 = Release|Any CPU
		{077A2462-79F0-48F0-8F3D-5462C0F2C4A8}.Release|x86.ActiveCfg = Release|Any CPU
		{077A2462-79F0-48F0-8F3D-5462C0F2C4A8}.Release|x86.Build.0 = Release|Any CPU
		{6669B341-AB85-4D72-B23E-D702F07578BA}.Debug|Any CPU.ActiveCfg = Debug|Win32
		{6669B341-AB85-4D72-B23E-D702F07578BA}.Debug|x64.ActiveCfg = Debug|x64
		{6669B341-AB85-4D72-B23E-D702F07578BA}.Debug|x64.Build.0 = Debug|x64
		{6669B341-AB85-4D72-B23E-D702F07578BA}.Debug|x86.ActiveCfg = Debug|Win32
		{6669B341-AB85-4D72-B23E-D702F07578BA}.Debug|x86.Build.0 = Debug|Win32
		{6669B341-AB85-4D72-B23E-D702F07578BA}.Release|Any CPU.ActiveCfg = Release|Win32
		{6669B341-AB85-4D72-B23E-D702F07578BA}.Release|x64.ActiveCfg = Release|x64
		{6669B341-AB85-4D72-B23E-D702F07578BA}.Release|x64.Build.0 = Release|x64
		{6669B341-AB85-4D72-B23E-D702F07578BA}.Release|x86.ActiveCfg = Release|Win32
		{6669B341-AB85-4D72-B23E-D702F07578BA}.Release|x86.Build.0 = Release|Win32
		{EA6C4D19-3ECB-46E4-8F4A-5590A1A5D660}.Debug|Any CPU.ActiveCfg = Debug|Any CPU
		{EA6C4D19-3ECB-46E4-8F4A-5590A1A5D660}.Debug|Any CPU.Build.0 = Debug|Any CPU
		{EA6C4D19-3ECB-46E4-8F4A-5590A1A5D660}.Debug|x64.ActiveCfg = Debug|Any CPU
		{EA6C4D19-3ECB-46E4-8F4A-5590A1A5D660}.Debug|x64.Build.0 = Debug|Any CPU
		{EA6C4D19-3ECB-46E4-8F4A-5590A1A5D660}.Debug|x86.ActiveCfg = Debug|Any CPU
		{EA6C4D19-3ECB-46E4-8F4A-5590A1A5D660}.Debug|x86.Build.0 = Debug|Any CPU
		{EA6C4D19-3ECB-46E4-8F4A-5590A1A5D660}.Release|Any CPU.ActiveCfg = Release|Any CPU
		{EA6C4D19-3ECB-46E4-8F4A-5590A1A5D660}.Release|Any CPU.Build.0 = Release|Any CPU
		{EA6C4D19-3ECB-46E4-8F4A-5590A1A5D660}.Release|x64.ActiveCfg = Release|Any CPU
		{EA6C4D19-3ECB-46E4-8F4A-5590A1A5D660}.Release|x64.Build.0 = Release|Any CPU
		{EA6C4D19-3ECB-46E4-8F4A-5590A1A5D660}.Release|x86.ActiveCfg = Release|Any CPU
		{EA6C4D19-3ECB-46E4-8F4A-5590A1A5D660}.Release|x86.Build.0 = Release|Any CPU
		{26F78149-9819-4B29-92AC-73630E19EA16}.Debug|Any CPU.ActiveCfg = Debug|Any CPU
		{26F78149-9819-4B29-92AC-73630E19EA16}.Debug|Any CPU.Build.0 = Debug|Any CPU
		{26F78149-9819-4B29-92AC-73630E19EA16}.Debug|x64.ActiveCfg = Debug|Any CPU
		{26F78149-9819-4B29-92AC-73630E19EA16}.Debug|x64.Build.0 = Debug|Any CPU
		{26F78149-9819-4B29-92AC-73630E19EA16}.Debug|x86.ActiveCfg = Debug|Any CPU
		{26F78149-9819-4B29-92AC-73630E19EA16}.Debug|x86.Build.0 = Debug|Any CPU
		{26F78149-9819-4B29-92AC-73630E19EA16}.Release|Any CPU.ActiveCfg = Release|Any CPU
		{26F78149-9819-4B29-92AC-73630E19EA16}.Release|Any CPU.Build.0 = Release|Any CPU
		{26F78149-9819-4B29-92AC-73630E19EA16}.Release|x64.ActiveCfg = Release|Any CPU
		{26F78149-9819-4B29-92AC-73630E19EA16}.Release|x64.Build.0 = Release|Any CPU
		{26F78149-9819-4B29-92AC-73630E19EA16}.Release|x86.ActiveCfg = Release|Any CPU
		{26F78149-9819-4B29-92AC-73630E19EA16}.Release|x86.Build.0 = Release|Any CPU
		{6D5FB934-B8D7-4627-ABDD-CB91E321DA26}.Debug|Any CPU.ActiveCfg = Debug|Win32
		{6D5FB934-B8D7-4627-ABDD-CB91E321DA26}.Debug|x64.ActiveCfg = Debug|x64
		{6D5FB934-B8D7-4627-ABDD-CB91E321DA26}.Debug|x64.Build.0 = Debug|x64
		{6D5FB934-B8D7-4627-ABDD-CB91E321DA26}.Debug|x86.ActiveCfg = Debug|Win32
		{6D5FB934-B8D7-4627-ABDD-CB91E321DA26}.Debug|x86.Build.0 = Debug|Win32
		{6D5FB934-B8D7-4627-ABDD-CB91E321DA26}.Release|Any CPU.ActiveCfg = Release|Win32
		{6D5FB934-B8D7-4627-ABDD-CB91E321DA26}.Release|x64.ActiveCfg = Release|x64
		{6D5FB934-B8D7-4627-ABDD-CB91E321DA26}.Release|x64.Build.0 = Release|x64
		{6D5FB934-B8D7-4627-ABDD-CB91E321DA26}.Release|x86.ActiveCfg = Release|Win32
		{6D5FB934-B8D7-4627-ABDD-CB91E321DA26}.Release|x86.Build.0 = Release|Win32
		{4E4C70E4-E02C-476C-898B-747498C50B87}.Debug|Any CPU.ActiveCfg = Debug|Win32
		{4E4C70E4-E02C-476C-898B-747498C50B87}.Debug|x64.ActiveCfg = Debug|x64
		{4E4C70E4-E02C-476C-898B-747498C50B87}.Debug|x64.Build.0 = Debug|x64
		{4E4C70E4-E02C-476C-898B-747498C50B87}.Debug|x86.ActiveCfg = Debug|Win32
		{4E4C70E4-E02C-476C-898B-747498C50B87}.Debug|x86.Build.0 = Debug|Win32
		{4E4C70E4-E02C-476C-898B-747498C50B87}.Release|Any CPU.ActiveCfg = Release|Win32
		{4E4C70E4-E02C-476C-898B-747498C50B87}.Release|x64.ActiveCfg = Release|x64
		{4E4C70E4-E02C-476C-898B-747498C50B87}.Release|x64.Build.0 = Release|x64
		{4E4C70E4-E02C-476C-898B-747498C50B87}.Release|x86.ActiveCfg = Release|Win32
		{4E4C70E4-E02C-476C-898B-747498C50B87}.Release|x86.Build.0 = Release|Win32
		{6F92B5FA-0B0F-4DA1-B6DB-E77E3820A49C}.Debug|Any CPU.ActiveCfg = Debug|Any CPU
		{6F92B5FA-0B0F-4DA1-B6DB-E77E3820A49C}.Debug|Any CPU.Build.0 = Debug|Any CPU
		{6F92B5FA-0B0F-4DA1-B6DB-E77E3820A49C}.Debug|x64.ActiveCfg = Debug|Any CPU
		{6F92B5FA-0B0F-4DA1-B6DB-E77E3820A49C}.Debug|x64.Build.0 = Debug|Any CPU
		{6F92B5FA-0B0F-4DA1-B6DB-E77E3820A49C}.Debug|x86.ActiveCfg = Debug|Any CPU
		{6F92B5FA-0B0F-4DA1-B6DB-E77E3820A49C}.Debug|x86.Build.0 = Debug|Any CPU
		{6F92B5FA-0B0F-4DA1-B6DB-E77E3820A49C}.Release|Any CPU.ActiveCfg = Release|Any CPU
		{6F92B5FA-0B0F-4DA1-B6DB-E77E3820A49C}.Release|Any CPU.Build.0 = Release|Any CPU
		{6F92B5FA-0B0F-4DA1-B6DB-E77E3820A49C}.Release|x64.ActiveCfg = Release|Any CPU
		{6F92B5FA-0B0F-4DA1-B6DB-E77E3820A49C}.Release|x64.Build.0 = Release|Any CPU
		{6F92B5FA-0B0F-4DA1-B6DB-E77E3820A49C}.Release|x86.ActiveCfg = Release|Any CPU
		{6F92B5FA-0B0F-4DA1-B6DB-E77E3820A49C}.Release|x86.Build.0 = Release|Any CPU
		{DEF91CAE-A6AC-4194-B4FD-AC4E35D7443F}.Debug|Any CPU.ActiveCfg = Debug|Any CPU
		{DEF91CAE-A6AC-4194-B4FD-AC4E35D7443F}.Debug|Any CPU.Build.0 = Debug|Any CPU
		{DEF91CAE-A6AC-4194-B4FD-AC4E35D7443F}.Debug|x64.ActiveCfg = Debug|Any CPU
		{DEF91CAE-A6AC-4194-B4FD-AC4E35D7443F}.Debug|x64.Build.0 = Debug|Any CPU
		{DEF91CAE-A6AC-4194-B4FD-AC4E35D7443F}.Debug|x86.ActiveCfg = Debug|Any CPU
		{DEF91CAE-A6AC-4194-B4FD-AC4E35D7443F}.Debug|x86.Build.0 = Debug|Any CPU
		{DEF91CAE-A6AC-4194-B4FD-AC4E35D7443F}.Release|Any CPU.ActiveCfg = Release|Any CPU
		{DEF91CAE-A6AC-4194-B4FD-AC4E35D7443F}.Release|Any CPU.Build.0 = Release|Any CPU
		{DEF91CAE-A6AC-4194-B4FD-AC4E35D7443F}.Release|x64.ActiveCfg = Release|Any CPU
		{DEF91CAE-A6AC-4194-B4FD-AC4E35D7443F}.Release|x64.Build.0 = Release|Any CPU
		{DEF91CAE-A6AC-4194-B4FD-AC4E35D7443F}.Release|x86.ActiveCfg = Release|Any CPU
		{DEF91CAE-A6AC-4194-B4FD-AC4E35D7443F}.Release|x86.Build.0 = Release|Any CPU
		{4FB27303-8701-4F4D-9C5E-96E05A678B4E}.Debug|Any CPU.ActiveCfg = Debug|Any CPU
		{4FB27303-8701-4F4D-9C5E-96E05A678B4E}.Debug|Any CPU.Build.0 = Debug|Any CPU
		{4FB27303-8701-4F4D-9C5E-96E05A678B4E}.Debug|x64.ActiveCfg = Debug|Any CPU
		{4FB27303-8701-4F4D-9C5E-96E05A678B4E}.Debug|x64.Build.0 = Debug|Any CPU
		{4FB27303-8701-4F4D-9C5E-96E05A678B4E}.Debug|x86.ActiveCfg = Debug|Any CPU
		{4FB27303-8701-4F4D-9C5E-96E05A678B4E}.Debug|x86.Build.0 = Debug|Any CPU
		{4FB27303-8701-4F4D-9C5E-96E05A678B4E}.Release|Any CPU.ActiveCfg = Release|Any CPU
		{4FB27303-8701-4F4D-9C5E-96E05A678B4E}.Release|Any CPU.Build.0 = Release|Any CPU
		{4FB27303-8701-4F4D-9C5E-96E05A678B4E}.Release|x64.ActiveCfg = Release|Any CPU
		{4FB27303-8701-4F4D-9C5E-96E05A678B4E}.Release|x64.Build.0 = Release|Any CPU
		{4FB27303-8701-4F4D-9C5E-96E05A678B4E}.Release|x86.ActiveCfg = Release|Any CPU
		{4FB27303-8701-4F4D-9C5E-96E05A678B4E}.Release|x86.Build.0 = Release|Any CPU
		{E91297A6-66CE-453D-A974-3F926AE91F7F}.Debug|Any CPU.ActiveCfg = Debug|Any CPU
		{E91297A6-66CE-453D-A974-3F926AE91F7F}.Debug|Any CPU.Build.0 = Debug|Any CPU
		{E91297A6-66CE-453D-A974-3F926AE91F7F}.Debug|x64.ActiveCfg = Debug|Any CPU
		{E91297A6-66CE-453D-A974-3F926AE91F7F}.Debug|x64.Build.0 = Debug|Any CPU
		{E91297A6-66CE-453D-A974-3F926AE91F7F}.Debug|x86.ActiveCfg = Debug|Any CPU
		{E91297A6-66CE-453D-A974-3F926AE91F7F}.Debug|x86.Build.0 = Debug|Any CPU
		{E91297A6-66CE-453D-A974-3F926AE91F7F}.Release|Any CPU.ActiveCfg = Release|Any CPU
		{E91297A6-66CE-453D-A974-3F926AE91F7F}.Release|Any CPU.Build.0 = Release|Any CPU
		{E91297A6-66CE-453D-A974-3F926AE91F7F}.Release|x64.ActiveCfg = Release|Any CPU
		{E91297A6-66CE-453D-A974-3F926AE91F7F}.Release|x64.Build.0 = Release|Any CPU
		{E91297A6-66CE-453D-A974-3F926AE91F7F}.Release|x86.ActiveCfg = Release|Any CPU
		{E91297A6-66CE-453D-A974-3F926AE91F7F}.Release|x86.Build.0 = Release|Any CPU
		{068492BD-B309-46F8-95AB-F9D43394AB00}.Debug|Any CPU.ActiveCfg = Debug|Win32
		{068492BD-B309-46F8-95AB-F9D43394AB00}.Debug|x64.ActiveCfg = Debug|x64
		{068492BD-B309-46F8-95AB-F9D43394AB00}.Debug|x64.Build.0 = Debug|x64
		{068492BD-B309-46F8-95AB-F9D43394AB00}.Debug|x86.ActiveCfg = Debug|Win32
		{068492BD-B309-46F8-95AB-F9D43394AB00}.Debug|x86.Build.0 = Debug|Win32
		{068492BD-B309-46F8-95AB-F9D43394AB00}.Release|Any CPU.ActiveCfg = Release|Win32
		{068492BD-B309-46F8-95AB-F9D43394AB00}.Release|x64.ActiveCfg = Release|x64
		{068492BD-B309-46F8-95AB-F9D43394AB00}.Release|x64.Build.0 = Release|x64
		{068492BD-B309-46F8-95AB-F9D43394AB00}.Release|x86.ActiveCfg = Release|Win32
		{068492BD-B309-46F8-95AB-F9D43394AB00}.Release|x86.Build.0 = Release|Win32
		{D3637373-C4F1-4E72-A70D-FE8934B43B32}.Debug|Any CPU.ActiveCfg = Debug|Win32
		{D3637373-C4F1-4E72-A70D-FE8934B43B32}.Debug|x64.ActiveCfg = Debug|x64
		{D3637373-C4F1-4E72-A70D-FE8934B43B32}.Debug|x64.Build.0 = Debug|x64
		{D3637373-C4F1-4E72-A70D-FE8934B43B32}.Debug|x86.ActiveCfg = Debug|Win32
		{D3637373-C4F1-4E72-A70D-FE8934B43B32}.Debug|x86.Build.0 = Debug|Win32
		{D3637373-C4F1-4E72-A70D-FE8934B43B32}.Release|Any CPU.ActiveCfg = Release|Win32
		{D3637373-C4F1-4E72-A70D-FE8934B43B32}.Release|x64.ActiveCfg = Release|x64
		{D3637373-C4F1-4E72-A70D-FE8934B43B32}.Release|x64.Build.0 = Release|x64
		{D3637373-C4F1-4E72-A70D-FE8934B43B32}.Release|x86.ActiveCfg = Release|Win32
		{D3637373-C4F1-4E72-A70D-FE8934B43B32}.Release|x86.Build.0 = Release|Win32
		{182C2D16-6A46-440A-B3E0-02BBE7F67CE6}.Debug|Any CPU.ActiveCfg = Debug|Any CPU
		{182C2D16-6A46-440A-B3E0-02BBE7F67CE6}.Debug|Any CPU.Build.0 = Debug|Any CPU
		{182C2D16-6A46-440A-B3E0-02BBE7F67CE6}.Debug|x64.ActiveCfg = Debug|Any CPU
		{182C2D16-6A46-440A-B3E0-02BBE7F67CE6}.Debug|x64.Build.0 = Debug|Any CPU
		{182C2D16-6A46-440A-B3E0-02BBE7F67CE6}.Debug|x86.ActiveCfg = Debug|Any CPU
		{182C2D16-6A46-440A-B3E0-02BBE7F67CE6}.Debug|x86.Build.0 = Debug|Any CPU
		{182C2D16-6A46-440A-B3E0-02BBE7F67CE6}.Release|Any CPU.ActiveCfg = Release|Any CPU
		{182C2D16-6A46-440A-B3E0-02BBE7F67CE6}.Release|Any CPU.Build.0 = Release|Any CPU
		{182C2D16-6A46-440A-B3E0-02BBE7F67CE6}.Release|x64.ActiveCfg = Release|Any CPU
		{182C2D16-6A46-440A-B3E0-02BBE7F67CE6}.Release|x64.Build.0 = Release|Any CPU
		{182C2D16-6A46-440A-B3E0-02BBE7F67CE6}.Release|x86.ActiveCfg = Release|Any CPU
		{182C2D16-6A46-440A-B3E0-02BBE7F67CE6}.Release|x86.Build.0 = Release|Any CPU
		{B554B6C6-D516-45F4-B77C-363A13BEC75F}.Debug|Any CPU.ActiveCfg = Debug|Win32
		{B554B6C6-D516-45F4-B77C-363A13BEC75F}.Debug|x64.ActiveCfg = Debug|x64
		{B554B6C6-D516-45F4-B77C-363A13BEC75F}.Debug|x64.Build.0 = Debug|x64
		{B554B6C6-D516-45F4-B77C-363A13BEC75F}.Debug|x86.ActiveCfg = Debug|Win32
		{B554B6C6-D516-45F4-B77C-363A13BEC75F}.Debug|x86.Build.0 = Debug|Win32
		{B554B6C6-D516-45F4-B77C-363A13BEC75F}.Release|Any CPU.ActiveCfg = Release|Win32
		{B554B6C6-D516-45F4-B77C-363A13BEC75F}.Release|x64.ActiveCfg = Release|x64
		{B554B6C6-D516-45F4-B77C-363A13BEC75F}.Release|x64.Build.0 = Release|x64
		{B554B6C6-D516-45F4-B77C-363A13BEC75F}.Release|x86.ActiveCfg = Release|Win32
		{B554B6C6-D516-45F4-B77C-363A13BEC75F}.Release|x86.Build.0 = Release|Win32
	EndGlobalSection
	GlobalSection(SolutionProperties) = preSolution
		HideSolutionNode = FALSE
	EndGlobalSection
	GlobalSection(NestedProjects) = preSolution
		{6D5FB934-B8D7-4627-ABDD-CB91E321DA26} = {F0E9B4BC-3FF6-4D27-B718-327B46E3ADD9}
		{4E4C70E4-E02C-476C-898B-747498C50B87} = {F0E9B4BC-3FF6-4D27-B718-327B46E3ADD9}
		{6F92B5FA-0B0F-4DA1-B6DB-E77E3820A49C} = {F0E9B4BC-3FF6-4D27-B718-327B46E3ADD9}
		{DEF91CAE-A6AC-4194-B4FD-AC4E35D7443F} = {F0E9B4BC-3FF6-4D27-B718-327B46E3ADD9}
		{4FB27303-8701-4F4D-9C5E-96E05A678B4E} = {D0D728E5-BD6E-4C08-81E1-F6B9C90B75F8}
		{E91297A6-66CE-453D-A974-3F926AE91F7F} = {D0D728E5-BD6E-4C08-81E1-F6B9C90B75F8}
		{068492BD-B309-46F8-95AB-F9D43394AB00} = {D0D728E5-BD6E-4C08-81E1-F6B9C90B75F8}
		{D3637373-C4F1-4E72-A70D-FE8934B43B32} = {D0D728E5-BD6E-4C08-81E1-F6B9C90B75F8}
		{182C2D16-6A46-440A-B3E0-02BBE7F67CE6} = {D92B8BA5-DA64-4491-9544-808259682CC8}
		{B554B6C6-D516-45F4-B77C-363A13BEC75F} = {D92B8BA5-DA64-4491-9544-808259682CC8}
	EndGlobalSection
	GlobalSection(ExtensibilityGlobals) = postSolution
		SolutionGuid = {4D12207D-0C8A-4D5B-9737-76403DC3CBF7}
	EndGlobalSection
EndGlobal
