
Microsoft Visual Studio Solution File, Format Version 12.00
# Visual Studio Version 16
VisualStudioVersion = 16.0.31025.194
MinimumVisualStudioVersion = 10.0.40219.1
Project("{9A19103F-16F7-4668-BE54-9A1E7A4F7556}") = "OOP_2-1_cSharp2", "OOP_2-1_cSharp2.csproj", "{9AACB3C9-1C68-493A-AB4E-E1F2F06D74C8}"
EndProject
Global
	GlobalSection(SolutionConfigurationPlatforms) = preSolution
		Debug|Any CPU = Debug|Any CPU
		Release|Any CPU = Release|Any CPU
	EndGlobalSection
	GlobalSection(ProjectConfigurationPlatforms) = postSolution
		{9AACB3C9-1C68-493A-AB4E-E1F2F06D74C8}.Debug|Any CPU.ActiveCfg = Debug|Any CPU
		{9AACB3C9-1C68-493A-AB4E-E1F2F06D74C8}.Debug|Any CPU.Build.0 = Debug|Any CPU
		{9AACB3C9-1C68-493A-AB4E-E1F2F06D74C8}.Release|Any CPU.ActiveCfg = Release|Any CPU
		{9AACB3C9-1C68-493A-AB4E-E1F2F06D74C8}.Release|Any CPU.Build.0 = Release|Any CPU
	EndGlobalSection
	GlobalSection(SolutionProperties) = preSolution
		HideSolutionNode = FALSE
	EndGlobalSection
	GlobalSection(ExtensibilityGlobals) = postSolution
		SolutionGuid = {AE73C5E2-9920-41A2-9B62-66D701041AED}
	EndGlobalSection
EndGlobal
